
Microsoft Visual Studio Solution File, Format Version 12.00
# Visual Studio Version 17
VisualStudioVersion = 17.1.32210.238
MinimumVisualStudioVersion = 10.0.40219.1
Project("{9A19103F-16F7-4668-BE54-9A1E7A4F7556}") = "Key2Joy.Gui", "Key2Joy.Gui\Key2Joy.Gui.csproj", "{808BA609-806D-4D55-857B-6FB4E16E13F1}"
EndProject
Project("{9A19103F-16F7-4668-BE54-9A1E7A4F7556}") = "BuildMarkdownDocs", "Support\BuildMarkdownDocs\BuildMarkdownDocs.csproj", "{75E34405-03B8-4123-BE76-BFF0BF1F890C}"
EndProject
Project("{9A19103F-16F7-4668-BE54-9A1E7A4F7556}") = "Key2Joy.Core", "Core\Key2Joy.Core\Key2Joy.Core.csproj", "{1A961914-67B8-4B11-80D4-280323BC7B25}"
EndProject
Project("{9A19103F-16F7-4668-BE54-9A1E7A4F7556}") = "Key2Joy.Cmd", "Key2Joy.Cmd\Key2Joy.Cmd.csproj", "{FF955F62-E00D-46F4-A945-6677DF10FCA2}"
EndProject
Project("{9A19103F-16F7-4668-BE54-9A1E7A4F7556}") = "Key2Joy.Setup", "Support\Key2Joy.Setup\Key2Joy.Setup.csproj", "{0CFC1DBD-87E4-4DE4-94CB-A43A73B2A21B}"
EndProject
Project("{9A19103F-16F7-4668-BE54-9A1E7A4F7556}") = "Key2Joy.Tests", "Support\Key2Joy.Tests\Key2Joy.Tests.csproj", "{AA7ABB23-F6E6-4BC5-B29A-3D66BC21C398}"
EndProject
Project("{9A19103F-16F7-4668-BE54-9A1E7A4F7556}") = "Key2Joy.Plugin.Midi", "Plugins\Key2Joy.Plugin.Midi\Key2Joy.Plugin.Midi.csproj", "{19D06050-80E3-439D-B2A8-A7048F7D99C9}"
EndProject
Project("{9A19103F-16F7-4668-BE54-9A1E7A4F7556}") = "Key2Joy.Contracts", "Core\Key2Joy.Contracts\Key2Joy.Contracts.csproj", "{6A99DC38-6D95-44F0-8778-8BD8548778DA}"
EndProject
Project("{2150E333-8FDC-42A3-9474-1A3956D46DE8}") = "Plugins", "Plugins", "{3C606DDB-3F6F-43CA-8355-CF710FB52535}"
EndProject
Project("{2150E333-8FDC-42A3-9474-1A3956D46DE8}") = "Support", "Support", "{C2536A05-CB0C-498F-88F5-EB52BFABF6C8}"
EndProject
Project("{2150E333-8FDC-42A3-9474-1A3956D46DE8}") = "Core", "Core", "{5F1645F6-3578-45A6-9F33-65AA6A4A52A1}"
EndProject
Project("{9A19103F-16F7-4668-BE54-9A1E7A4F7556}") = "Key2Joy.PluginHost", "Core\Key2Joy.PluginHost\Key2Joy.PluginHost.csproj", "{28FD937C-CCA7-4E85-A29B-D723E8390E51}"
EndProject
Project("{9A19103F-16F7-4668-BE54-9A1E7A4F7556}") = "Key2Joy.Plugin.HelloWorld", "Plugins\Key2Joy.Plugin.HelloWorld\Key2Joy.Plugin.HelloWorld.csproj", "{F1C12B81-C049-4AA9-A4A6-71BE10BC20F8}"
EndProject
Project("{2150E333-8FDC-42A3-9474-1A3956D46DE8}") = "Key2Joy.Tests.Stubs", "Key2Joy.Tests.Stubs", "{ECDA137C-C6C7-4AD2-A847-4CF8C9094C09}"
EndProject
Project("{9A19103F-16F7-4668-BE54-9A1E7A4F7556}") = "Key2Joy.Tests.Stubs.TestPlugin", "Support\Key2Joy.Tests.Stubs\TestPlugin\Key2Joy.Tests.Stubs.TestPlugin.csproj", "{F5CE9D7C-78BA-40C8-9985-AB6EF7210490}"
EndProject
Global
	GlobalSection(SolutionConfigurationPlatforms) = preSolution
		Debug|Any CPU = Debug|Any CPU
		Debug|x86 = Debug|x86
		Release|Any CPU = Release|Any CPU
		Release|x86 = Release|x86
	EndGlobalSection
	GlobalSection(ProjectConfigurationPlatforms) = postSolution
		{808BA609-806D-4D55-857B-6FB4E16E13F1}.Debug|Any CPU.ActiveCfg = Debug|Any CPU
		{808BA609-806D-4D55-857B-6FB4E16E13F1}.Debug|Any CPU.Build.0 = Debug|Any CPU
		{808BA609-806D-4D55-857B-6FB4E16E13F1}.Debug|x86.ActiveCfg = Debug|x86
		{808BA609-806D-4D55-857B-6FB4E16E13F1}.Debug|x86.Build.0 = Debug|x86
		{808BA609-806D-4D55-857B-6FB4E16E13F1}.Release|Any CPU.ActiveCfg = Release|Any CPU
		{808BA609-806D-4D55-857B-6FB4E16E13F1}.Release|Any CPU.Build.0 = Release|Any CPU
		{808BA609-806D-4D55-857B-6FB4E16E13F1}.Release|x86.ActiveCfg = Release|x86
		{808BA609-806D-4D55-857B-6FB4E16E13F1}.Release|x86.Build.0 = Release|x86
		{75E34405-03B8-4123-BE76-BFF0BF1F890C}.Debug|Any CPU.ActiveCfg = Debug|Any CPU
		{75E34405-03B8-4123-BE76-BFF0BF1F890C}.Debug|Any CPU.Build.0 = Debug|Any CPU
		{75E34405-03B8-4123-BE76-BFF0BF1F890C}.Debug|x86.ActiveCfg = Debug|x86
		{75E34405-03B8-4123-BE76-BFF0BF1F890C}.Debug|x86.Build.0 = Debug|x86
		{75E34405-03B8-4123-BE76-BFF0BF1F890C}.Release|Any CPU.ActiveCfg = Release|Any CPU
		{75E34405-03B8-4123-BE76-BFF0BF1F890C}.Release|Any CPU.Build.0 = Release|Any CPU
		{75E34405-03B8-4123-BE76-BFF0BF1F890C}.Release|x86.ActiveCfg = Release|x86
		{75E34405-03B8-4123-BE76-BFF0BF1F890C}.Release|x86.Build.0 = Release|x86
		{1A961914-67B8-4B11-80D4-280323BC7B25}.Debug|Any CPU.ActiveCfg = Debug|Any CPU
		{1A961914-67B8-4B11-80D4-280323BC7B25}.Debug|Any CPU.Build.0 = Debug|Any CPU
		{1A961914-67B8-4B11-80D4-280323BC7B25}.Debug|x86.ActiveCfg = Debug|x86
		{1A961914-67B8-4B11-80D4-280323BC7B25}.Debug|x86.Build.0 = Debug|x86
		{1A961914-67B8-4B11-80D4-280323BC7B25}.Release|Any CPU.ActiveCfg = Release|Any CPU
		{1A961914-67B8-4B11-80D4-280323BC7B25}.Release|Any CPU.Build.0 = Release|Any CPU
		{1A961914-67B8-4B11-80D4-280323BC7B25}.Release|x86.ActiveCfg = Release|x86
		{1A961914-67B8-4B11-80D4-280323BC7B25}.Release|x86.Build.0 = Release|x86
		{FF955F62-E00D-46F4-A945-6677DF10FCA2}.Debug|Any CPU.ActiveCfg = Debug|Any CPU
		{FF955F62-E00D-46F4-A945-6677DF10FCA2}.Debug|Any CPU.Build.0 = Debug|Any CPU
		{FF955F62-E00D-46F4-A945-6677DF10FCA2}.Debug|x86.ActiveCfg = Debug|x86
		{FF955F62-E00D-46F4-A945-6677DF10FCA2}.Debug|x86.Build.0 = Debug|x86
		{FF955F62-E00D-46F4-A945-6677DF10FCA2}.Release|Any CPU.ActiveCfg = Release|Any CPU
		{FF955F62-E00D-46F4-A945-6677DF10FCA2}.Release|Any CPU.Build.0 = Release|Any CPU
		{FF955F62-E00D-46F4-A945-6677DF10FCA2}.Release|x86.ActiveCfg = Release|x86
		{FF955F62-E00D-46F4-A945-6677DF10FCA2}.Release|x86.Build.0 = Release|x86
		{0CFC1DBD-87E4-4DE4-94CB-A43A73B2A21B}.Debug|Any CPU.ActiveCfg = Debug|Any CPU
		{0CFC1DBD-87E4-4DE4-94CB-A43A73B2A21B}.Debug|Any CPU.Build.0 = Debug|Any CPU
		{0CFC1DBD-87E4-4DE4-94CB-A43A73B2A21B}.Debug|x86.ActiveCfg = Debug|Any CPU
		{0CFC1DBD-87E4-4DE4-94CB-A43A73B2A21B}.Debug|x86.Build.0 = Debug|Any CPU
		{0CFC1DBD-87E4-4DE4-94CB-A43A73B2A21B}.Release|Any CPU.ActiveCfg = Release|Any CPU
		{0CFC1DBD-87E4-4DE4-94CB-A43A73B2A21B}.Release|Any CPU.Build.0 = Release|Any CPU
		{0CFC1DBD-87E4-4DE4-94CB-A43A73B2A21B}.Release|x86.ActiveCfg = Release|Any CPU
		{0CFC1DBD-87E4-4DE4-94CB-A43A73B2A21B}.Release|x86.Build.0 = Release|Any CPU
		{AA7ABB23-F6E6-4BC5-B29A-3D66BC21C398}.Debug|Any CPU.ActiveCfg = Debug|Any CPU
		{AA7ABB23-F6E6-4BC5-B29A-3D66BC21C398}.Debug|Any CPU.Build.0 = Debug|Any CPU
		{AA7ABB23-F6E6-4BC5-B29A-3D66BC21C398}.Debug|x86.ActiveCfg = Debug|x86
		{AA7ABB23-F6E6-4BC5-B29A-3D66BC21C398}.Debug|x86.Build.0 = Debug|x86
		{AA7ABB23-F6E6-4BC5-B29A-3D66BC21C398}.Release|Any CPU.ActiveCfg = Release|Any CPU
		{AA7ABB23-F6E6-4BC5-B29A-3D66BC21C398}.Release|Any CPU.Build.0 = Release|Any CPU
		{AA7ABB23-F6E6-4BC5-B29A-3D66BC21C398}.Release|x86.ActiveCfg = Release|x86
		{AA7ABB23-F6E6-4BC5-B29A-3D66BC21C398}.Release|x86.Build.0 = Release|x86
		{19D06050-80E3-439D-B2A8-A7048F7D99C9}.Debug|Any CPU.ActiveCfg = Debug|Any CPU
		{19D06050-80E3-439D-B2A8-A7048F7D99C9}.Debug|Any CPU.Build.0 = Debug|Any CPU
		{19D06050-80E3-439D-B2A8-A7048F7D99C9}.Debug|x86.ActiveCfg = Debug|Any CPU
		{19D06050-80E3-439D-B2A8-A7048F7D99C9}.Debug|x86.Build.0 = Debug|Any CPU
		{19D06050-80E3-439D-B2A8-A7048F7D99C9}.Release|Any CPU.ActiveCfg = Release|Any CPU
		{19D06050-80E3-439D-B2A8-A7048F7D99C9}.Release|Any CPU.Build.0 = Release|Any CPU
		{19D06050-80E3-439D-B2A8-A7048F7D99C9}.Release|x86.ActiveCfg = Release|Any CPU
		{19D06050-80E3-439D-B2A8-A7048F7D99C9}.Release|x86.Build.0 = Release|Any CPU
		{6A99DC38-6D95-44F0-8778-8BD8548778DA}.Debug|Any CPU.ActiveCfg = Debug|Any CPU
		{6A99DC38-6D95-44F0-8778-8BD8548778DA}.Debug|Any CPU.Build.0 = Debug|Any CPU
		{6A99DC38-6D95-44F0-8778-8BD8548778DA}.Debug|x86.ActiveCfg = Debug|Any CPU
		{6A99DC38-6D95-44F0-8778-8BD8548778DA}.Debug|x86.Build.0 = Debug|Any CPU
		{6A99DC38-6D95-44F0-8778-8BD8548778DA}.Release|Any CPU.ActiveCfg = Release|Any CPU
		{6A99DC38-6D95-44F0-8778-8BD8548778DA}.Release|Any CPU.Build.0 = Release|Any CPU
		{6A99DC38-6D95-44F0-8778-8BD8548778DA}.Release|x86.ActiveCfg = Release|Any CPU
		{6A99DC38-6D95-44F0-8778-8BD8548778DA}.Release|x86.Build.0 = Release|Any CPU
		{28FD937C-CCA7-4E85-A29B-D723E8390E51}.Debug|Any CPU.ActiveCfg = Debug|Any CPU
		{28FD937C-CCA7-4E85-A29B-D723E8390E51}.Debug|Any CPU.Build.0 = Debug|Any CPU
		{28FD937C-CCA7-4E85-A29B-D723E8390E51}.Debug|x86.ActiveCfg = Debug|Any CPU
		{28FD937C-CCA7-4E85-A29B-D723E8390E51}.Debug|x86.Build.0 = Debug|Any CPU
		{28FD937C-CCA7-4E85-A29B-D723E8390E51}.Release|Any CPU.ActiveCfg = Release|Any CPU
		{28FD937C-CCA7-4E85-A29B-D723E8390E51}.Release|Any CPU.Build.0 = Release|Any CPU
		{28FD937C-CCA7-4E85-A29B-D723E8390E51}.Release|x86.ActiveCfg = Release|Any CPU
		{28FD937C-CCA7-4E85-A29B-D723E8390E51}.Release|x86.Build.0 = Release|Any CPU
		{F1C12B81-C049-4AA9-A4A6-71BE10BC20F8}.Debug|Any CPU.ActiveCfg = Debug|Any CPU
		{F1C12B81-C049-4AA9-A4A6-71BE10BC20F8}.Debug|Any CPU.Build.0 = Debug|Any CPU
		{F1C12B81-C049-4AA9-A4A6-71BE10BC20F8}.Debug|x86.ActiveCfg = Debug|Any CPU
		{F1C12B81-C049-4AA9-A4A6-71BE10BC20F8}.Debug|x86.Build.0 = Debug|Any CPU
		{F1C12B81-C049-4AA9-A4A6-71BE10BC20F8}.Release|Any CPU.ActiveCfg = Release|Any CPU
		{F1C12B81-C049-4AA9-A4A6-71BE10BC20F8}.Release|Any CPU.Build.0 = Release|Any CPU
		{F1C12B81-C049-4AA9-A4A6-71BE10BC20F8}.Release|x86.ActiveCfg = Release|Any CPU
		{F1C12B81-C049-4AA9-A4A6-71BE10BC20F8}.Release|x86.Build.0 = Release|Any CPU
		{F5CE9D7C-78BA-40C8-9985-AB6EF7210490}.Debug|Any CPU.ActiveCfg = Debug|Any CPU
		{F5CE9D7C-78BA-40C8-9985-AB6EF7210490}.Debug|Any CPU.Build.0 = Debug|Any CPU
		{F5CE9D7C-78BA-40C8-9985-AB6EF7210490}.Debug|x86.ActiveCfg = Debug|Any CPU
		{F5CE9D7C-78BA-40C8-9985-AB6EF7210490}.Debug|x86.Build.0 = Debug|Any CPU
		{F5CE9D7C-78BA-40C8-9985-AB6EF7210490}.Release|Any CPU.ActiveCfg = Release|Any CPU
		{F5CE9D7C-78BA-40C8-9985-AB6EF7210490}.Release|Any CPU.Build.0 = Release|Any CPU
		{F5CE9D7C-78BA-40C8-9985-AB6EF7210490}.Release|x86.ActiveCfg = Release|Any CPU
		{F5CE9D7C-78BA-40C8-9985-AB6EF7210490}.Release|x86.Build.0 = Release|Any CPU
	EndGlobalSection
	GlobalSection(SolutionProperties) = preSolution
		HideSolutionNode = FALSE
	EndGlobalSection
	GlobalSection(NestedProjects) = preSolution
		{75E34405-03B8-4123-BE76-BFF0BF1F890C} = {C2536A05-CB0C-498F-88F5-EB52BFABF6C8}
		{1A961914-67B8-4B11-80D4-280323BC7B25} = {5F1645F6-3578-45A6-9F33-65AA6A4A52A1}
		{0CFC1DBD-87E4-4DE4-94CB-A43A73B2A21B} = {C2536A05-CB0C-498F-88F5-EB52BFABF6C8}
		{AA7ABB23-F6E6-4BC5-B29A-3D66BC21C398} = {C2536A05-CB0C-498F-88F5-EB52BFABF6C8}
		{19D06050-80E3-439D-B2A8-A7048F7D99C9} = {3C606DDB-3F6F-43CA-8355-CF710FB52535}
		{6A99DC38-6D95-44F0-8778-8BD8548778DA} = {5F1645F6-3578-45A6-9F33-65AA6A4A52A1}
		{28FD937C-CCA7-4E85-A29B-D723E8390E51} = {5F1645F6-3578-45A6-9F33-65AA6A4A52A1}
		{F1C12B81-C049-4AA9-A4A6-71BE10BC20F8} = {3C606DDB-3F6F-43CA-8355-CF710FB52535}
		{ECDA137C-C6C7-4AD2-A847-4CF8C9094C09} = {C2536A05-CB0C-498F-88F5-EB52BFABF6C8}
		{F5CE9D7C-78BA-40C8-9985-AB6EF7210490} = {ECDA137C-C6C7-4AD2-A847-4CF8C9094C09}
	EndGlobalSection
	GlobalSection(ExtensibilityGlobals) = postSolution
		SolutionGuid = {4ABB971C-7631-4C3C-B501-0F1FB68F9E0F}
	EndGlobalSection
EndGlobal
